// !$*UTF8*$!
{
	archiveVersion = 1;
	classes = {
	};
	objectVersion = 46;
	objects = {

/* Begin PBXBuildFile section */
		345B6CBA5A2A758C383B00B1 /* Pods_Tau.framework in Frameworks */ = {isa = PBXBuildFile; fileRef = 58CC8650E9ADE5CBB18B8641 /* Pods_Tau.framework */; settings = {ATTRIBUTES = (Weak, ); }; };
		8428B0A31B636EEF00B2D7BD /* AppDelegate.swift in Sources */ = {isa = PBXBuildFile; fileRef = 8428B0A21B636EEF00B2D7BD /* AppDelegate.swift */; };
		8428B0A81B636EEF00B2D7BD /* Main.storyboard in Resources */ = {isa = PBXBuildFile; fileRef = 8428B0A61B636EEF00B2D7BD /* Main.storyboard */; };
		8428B0AA1B636EEF00B2D7BD /* Images.xcassets in Resources */ = {isa = PBXBuildFile; fileRef = 8428B0A91B636EEF00B2D7BD /* Images.xcassets */; };
		8428B0AD1B636EEF00B2D7BD /* LaunchScreen.xib in Resources */ = {isa = PBXBuildFile; fileRef = 8428B0AB1B636EEF00B2D7BD /* LaunchScreen.xib */; };
		8428B0C31B638D0D00B2D7BD /* EventTableViewController.swift in Sources */ = {isa = PBXBuildFile; fileRef = 8428B0C21B638D0D00B2D7BD /* EventTableViewController.swift */; };
		8428B0C51B638D4700B2D7BD /* Event.swift in Sources */ = {isa = PBXBuildFile; fileRef = 8428B0C41B638D4700B2D7BD /* Event.swift */; };
		8428B0C71B6394C400B2D7BD /* EventDetailViewController.swift in Sources */ = {isa = PBXBuildFile; fileRef = 8428B0C61B6394C400B2D7BD /* EventDetailViewController.swift */; };
		845F80DF1B63C69900D6D99B /* EventsData.swift in Sources */ = {isa = PBXBuildFile; fileRef = 845F80DE1B63C69900D6D99B /* EventsData.swift */; };
		845F80E11B63C7A700D6D99B /* EventTableViewCell.swift in Sources */ = {isa = PBXBuildFile; fileRef = 845F80E01B63C7A700D6D99B /* EventTableViewCell.swift */; };
		B13AB19C1B63B503008D840D /* DonationTableViewController.swift in Sources */ = {isa = PBXBuildFile; fileRef = B13AB19B1B63B503008D840D /* DonationTableViewController.swift */; };
/* End PBXBuildFile section */

/* Begin PBXFileReference section */
		418CF0BFD84D4CA0A06F72B0 /* Pods-Tau.debug.xcconfig */ = {isa = PBXFileReference; includeInIndex = 1; lastKnownFileType = text.xcconfig; name = "Pods-Tau.debug.xcconfig"; path = "Pods/Target Support Files/Pods-Tau/Pods-Tau.debug.xcconfig"; sourceTree = "<group>"; };
		45CEAB700075B975D2E84C4E /* Pods-Tau.release.xcconfig */ = {isa = PBXFileReference; includeInIndex = 1; lastKnownFileType = text.xcconfig; name = "Pods-Tau.release.xcconfig"; path = "Pods/Target Support Files/Pods-Tau/Pods-Tau.release.xcconfig"; sourceTree = "<group>"; };
		58CC8650E9ADE5CBB18B8641 /* Pods_Tau.framework */ = {isa = PBXFileReference; explicitFileType = wrapper.framework; includeInIndex = 0; path = Pods_Tau.framework; sourceTree = BUILT_PRODUCTS_DIR; };
		8428B09D1B636EEF00B2D7BD /* Tau.app */ = {isa = PBXFileReference; explicitFileType = wrapper.application; includeInIndex = 0; path = Tau.app; sourceTree = BUILT_PRODUCTS_DIR; };
		8428B0A11B636EEF00B2D7BD /* Info.plist */ = {isa = PBXFileReference; lastKnownFileType = text.plist.xml; path = Info.plist; sourceTree = "<group>"; };
		8428B0A21B636EEF00B2D7BD /* AppDelegate.swift */ = {isa = PBXFileReference; lastKnownFileType = sourcecode.swift; path = AppDelegate.swift; sourceTree = "<group>"; };
		8428B0A71B636EEF00B2D7BD /* Base */ = {isa = PBXFileReference; lastKnownFileType = file.storyboard; name = Base; path = Base.lproj/Main.storyboard; sourceTree = "<group>"; };
		8428B0A91B636EEF00B2D7BD /* Images.xcassets */ = {isa = PBXFileReference; lastKnownFileType = folder.assetcatalog; path = Images.xcassets; sourceTree = "<group>"; };
		8428B0AC1B636EEF00B2D7BD /* Base */ = {isa = PBXFileReference; lastKnownFileType = file.xib; name = Base; path = Base.lproj/LaunchScreen.xib; sourceTree = "<group>"; };
		8428B0C21B638D0D00B2D7BD /* EventTableViewController.swift */ = {isa = PBXFileReference; fileEncoding = 4; lastKnownFileType = sourcecode.swift; path = EventTableViewController.swift; sourceTree = "<group>"; };
		8428B0C41B638D4700B2D7BD /* Event.swift */ = {isa = PBXFileReference; fileEncoding = 4; lastKnownFileType = sourcecode.swift; path = Event.swift; sourceTree = "<group>"; };
		8428B0C61B6394C400B2D7BD /* EventDetailViewController.swift */ = {isa = PBXFileReference; fileEncoding = 4; lastKnownFileType = sourcecode.swift; path = EventDetailViewController.swift; sourceTree = "<group>"; };
		845F80DE1B63C69900D6D99B /* EventsData.swift */ = {isa = PBXFileReference; fileEncoding = 4; lastKnownFileType = sourcecode.swift; path = EventsData.swift; sourceTree = "<group>"; };
		845F80E01B63C7A700D6D99B /* EventTableViewCell.swift */ = {isa = PBXFileReference; fileEncoding = 4; lastKnownFileType = sourcecode.swift; path = EventTableViewCell.swift; sourceTree = "<group>"; };
		B13AB19B1B63B503008D840D /* DonationTableViewController.swift */ = {isa = PBXFileReference; fileEncoding = 4; lastKnownFileType = sourcecode.swift; path = DonationTableViewController.swift; sourceTree = "<group>"; };
		B13AB19F1B63C37A008D840D /* BridgingHeader.h */ = {isa = PBXFileReference; lastKnownFileType = sourcecode.c.h; path = BridgingHeader.h; sourceTree = "<group>"; };
/* End PBXFileReference section */

/* Begin PBXFrameworksBuildPhase section */
		8428B09A1B636EEF00B2D7BD /* Frameworks */ = {
			isa = PBXFrameworksBuildPhase;
			buildActionMask = 2147483647;
			files = (
				345B6CBA5A2A758C383B00B1 /* Pods_Tau.framework in Frameworks */,
			);
			runOnlyForDeploymentPostprocessing = 0;
		};
/* End PBXFrameworksBuildPhase section */

/* Begin PBXGroup section */
		3746C3D26BAEEE5BA33E7E49 /* Frameworks */ = {
			isa = PBXGroup;
			children = (
				58CC8650E9ADE5CBB18B8641 /* Pods_Tau.framework */,
			);
			name = Frameworks;
			sourceTree = "<group>";
		};
		4EEED6DB83D87433546E9BA0 /* Pods */ = {
			isa = PBXGroup;
			children = (
				418CF0BFD84D4CA0A06F72B0 /* Pods-Tau.debug.xcconfig */,
				45CEAB700075B975D2E84C4E /* Pods-Tau.release.xcconfig */,
			);
			name = Pods;
			sourceTree = "<group>";
		};
		8428B0941B636EEF00B2D7BD = {
			isa = PBXGroup;
			children = (
				8428B09F1B636EEF00B2D7BD /* Tau */,
				8428B09E1B636EEF00B2D7BD /* Products */,
				4EEED6DB83D87433546E9BA0 /* Pods */,
				3746C3D26BAEEE5BA33E7E49 /* Frameworks */,
			);
			sourceTree = "<group>";
		};
		8428B09E1B636EEF00B2D7BD /* Products */ = {
			isa = PBXGroup;
			children = (
				8428B09D1B636EEF00B2D7BD /* Tau.app */,
			);
			name = Products;
			sourceTree = "<group>";
		};
		8428B09F1B636EEF00B2D7BD /* Tau */ = {
			isa = PBXGroup;
			children = (
				B13AB19E1B63BF60008D840D /* Events */,
				B13AB19D1B63BF40008D840D /* Donations */,
				8428B0A21B636EEF00B2D7BD /* AppDelegate.swift */,
				B13AB19F1B63C37A008D840D /* BridgingHeader.h */,
				8428B0A61B636EEF00B2D7BD /* Main.storyboard */,
				8428B0A91B636EEF00B2D7BD /* Images.xcassets */,
				8428B0AB1B636EEF00B2D7BD /* LaunchScreen.xib */,
				8428B0A01B636EEF00B2D7BD /* Supporting Files */,
			);
			path = Tau;
			sourceTree = "<group>";
		};
		8428B0A01B636EEF00B2D7BD /* Supporting Files */ = {
			isa = PBXGroup;
			children = (
				8428B0A11B636EEF00B2D7BD /* Info.plist */,
			);
			name = "Supporting Files";
			sourceTree = "<group>";
		};
		B13AB19D1B63BF40008D840D /* Donations */ = {
			isa = PBXGroup;
			children = (
				B13AB19B1B63B503008D840D /* DonationTableViewController.swift */,
			);
			name = Donations;
			sourceTree = "<group>";
		};
		B13AB19E1B63BF60008D840D /* Events */ = {
			isa = PBXGroup;
			children = (
				8428B0C61B6394C400B2D7BD /* EventDetailViewController.swift */,
				8428B0C41B638D4700B2D7BD /* Event.swift */,
				845F80DE1B63C69900D6D99B /* EventsData.swift */,
				8428B0C21B638D0D00B2D7BD /* EventTableViewController.swift */,
				845F80E01B63C7A700D6D99B /* EventTableViewCell.swift */,
			);
			name = Events;
			sourceTree = "<group>";
		};
/* End PBXGroup section */

/* Begin PBXNativeTarget section */
		8428B09C1B636EEF00B2D7BD /* Tau */ = {
			isa = PBXNativeTarget;
			buildConfigurationList = 8428B0BC1B636EEF00B2D7BD /* Build configuration list for PBXNativeTarget "Tau" */;
			buildPhases = (
				47D9F7A82EAEE94A332694D3 /* Check Pods Manifest.lock */,
				8428B0991B636EEF00B2D7BD /* Sources */,
				8428B09A1B636EEF00B2D7BD /* Frameworks */,
				8428B09B1B636EEF00B2D7BD /* Resources */,
				B7DEA6A297A240BC3A89197B /* Embed Pods Frameworks */,
				4FF18A7AC15DA14238595CD0 /* Copy Pods Resources */,
			);
			buildRules = (
			);
			dependencies = (
			);
			name = Tau;
			productName = Tau;
			productReference = 8428B09D1B636EEF00B2D7BD /* Tau.app */;
			productType = "com.apple.product-type.application";
		};
/* End PBXNativeTarget section */

/* Begin PBXProject section */
		8428B0951B636EEF00B2D7BD /* Project object */ = {
			isa = PBXProject;
			attributes = {
				LastUpgradeCheck = 0630;
				ORGANIZATIONNAME = Tau;
				TargetAttributes = {
					8428B09C1B636EEF00B2D7BD = {
						CreatedOnToolsVersion = 6.3.1;
					};
				};
			};
			buildConfigurationList = 8428B0981B636EEF00B2D7BD /* Build configuration list for PBXProject "Tau" */;
			compatibilityVersion = "Xcode 3.2";
			developmentRegion = English;
			hasScannedForEncodings = 0;
			knownRegions = (
				en,
				Base,
			);
			mainGroup = 8428B0941B636EEF00B2D7BD;
			productRefGroup = 8428B09E1B636EEF00B2D7BD /* Products */;
			projectDirPath = "";
			projectRoot = "";
			targets = (
				8428B09C1B636EEF00B2D7BD /* Tau */,
			);
		};
/* End PBXProject section */

/* Begin PBXResourcesBuildPhase section */
		8428B09B1B636EEF00B2D7BD /* Resources */ = {
			isa = PBXResourcesBuildPhase;
			buildActionMask = 2147483647;
			files = (
				8428B0A81B636EEF00B2D7BD /* Main.storyboard in Resources */,
				8428B0AD1B636EEF00B2D7BD /* LaunchScreen.xib in Resources */,
				8428B0AA1B636EEF00B2D7BD /* Images.xcassets in Resources */,
			);
			runOnlyForDeploymentPostprocessing = 0;
		};
/* End PBXResourcesBuildPhase section */

/* Begin PBXShellScriptBuildPhase section */
		47D9F7A82EAEE94A332694D3 /* Check Pods Manifest.lock */ = {
			isa = PBXShellScriptBuildPhase;
			buildActionMask = 2147483647;
			files = (
			);
			inputPaths = (
			);
			name = "Check Pods Manifest.lock";
			outputPaths = (
			);
			runOnlyForDeploymentPostprocessing = 0;
			shellPath = /bin/sh;
			shellScript = "diff \"${PODS_ROOT}/../Podfile.lock\" \"${PODS_ROOT}/Manifest.lock\" > /dev/null\nif [[ $? != 0 ]] ; then\n    cat << EOM\nerror: The sandbox is not in sync with the Podfile.lock. Run 'pod install' or update your CocoaPods installation.\nEOM\n    exit 1\nfi\n";
			showEnvVarsInLog = 0;
		};
		4FF18A7AC15DA14238595CD0 /* Copy Pods Resources */ = {
			isa = PBXShellScriptBuildPhase;
			buildActionMask = 2147483647;
			files = (
			);
			inputPaths = (
			);
			name = "Copy Pods Resources";
			outputPaths = (
			);
			runOnlyForDeploymentPostprocessing = 0;
			shellPath = /bin/sh;
			shellScript = "\"${SRCROOT}/Pods/Target Support Files/Pods-Tau/Pods-Tau-resources.sh\"\n";
			showEnvVarsInLog = 0;
		};
		B7DEA6A297A240BC3A89197B /* Embed Pods Frameworks */ = {
			isa = PBXShellScriptBuildPhase;
			buildActionMask = 2147483647;
			files = (
			);
			inputPaths = (
			);
			name = "Embed Pods Frameworks";
			outputPaths = (
			);
			runOnlyForDeploymentPostprocessing = 0;
			shellPath = /bin/sh;
			shellScript = "\"${SRCROOT}/Pods/Target Support Files/Pods-Tau/Pods-Tau-frameworks.sh\"\n";
			showEnvVarsInLog = 0;
		};
/* End PBXShellScriptBuildPhase section */

/* Begin PBXSourcesBuildPhase section */
		8428B0991B636EEF00B2D7BD /* Sources */ = {
			isa = PBXSourcesBuildPhase;
			buildActionMask = 2147483647;
			files = (
				845F80DF1B63C69900D6D99B /* EventsData.swift in Sources */,
				8428B0C51B638D4700B2D7BD /* Event.swift in Sources */,
				B13AB19C1B63B503008D840D /* DonationTableViewController.swift in Sources */,
				8428B0C71B6394C400B2D7BD /* EventDetailViewController.swift in Sources */,
				845F80E11B63C7A700D6D99B /* EventTableViewCell.swift in Sources */,
				8428B0C31B638D0D00B2D7BD /* EventTableViewController.swift in Sources */,
				8428B0A31B636EEF00B2D7BD /* AppDelegate.swift in Sources */,
			);
			runOnlyForDeploymentPostprocessing = 0;
		};
/* End PBXSourcesBuildPhase section */

/* Begin PBXVariantGroup section */
		8428B0A61B636EEF00B2D7BD /* Main.storyboard */ = {
			isa = PBXVariantGroup;
			children = (
				8428B0A71B636EEF00B2D7BD /* Base */,
			);
			name = Main.storyboard;
			sourceTree = "<group>";
		};
		8428B0AB1B636EEF00B2D7BD /* LaunchScreen.xib */ = {
			isa = PBXVariantGroup;
			children = (
				8428B0AC1B636EEF00B2D7BD /* Base */,
			);
			name = LaunchScreen.xib;
			sourceTree = "<group>";
		};
/* End PBXVariantGroup section */

/* Begin XCBuildConfiguration section */
		8428B0BA1B636EEF00B2D7BD /* Debug */ = {
			isa = XCBuildConfiguration;
			buildSettings = {
				ALWAYS_SEARCH_USER_PATHS = NO;
				CLANG_CXX_LANGUAGE_STANDARD = "gnu++0x";
				CLANG_CXX_LIBRARY = "libc++";
				CLANG_ENABLE_MODULES = YES;
				CLANG_ENABLE_OBJC_ARC = YES;
				CLANG_WARN_BOOL_CONVERSION = YES;
				CLANG_WARN_CONSTANT_CONVERSION = YES;
				CLANG_WARN_DIRECT_OBJC_ISA_USAGE = YES_ERROR;
				CLANG_WARN_EMPTY_BODY = YES;
				CLANG_WARN_ENUM_CONVERSION = YES;
				CLANG_WARN_INT_CONVERSION = YES;
				CLANG_WARN_OBJC_ROOT_CLASS = YES_ERROR;
				CLANG_WARN_UNREACHABLE_CODE = YES;
				CLANG_WARN__DUPLICATE_METHOD_MATCH = YES;
				"CODE_SIGN_IDENTITY[sdk=iphoneos*]" = "iPhone Developer";
				COPY_PHASE_STRIP = NO;
				DEBUG_INFORMATION_FORMAT = "dwarf-with-dsym";
				ENABLE_STRICT_OBJC_MSGSEND = YES;
				GCC_C_LANGUAGE_STANDARD = gnu99;
				GCC_DYNAMIC_NO_PIC = NO;
				GCC_NO_COMMON_BLOCKS = YES;
				GCC_OPTIMIZATION_LEVEL = 0;
				GCC_PREPROCESSOR_DEFINITIONS = (
					"DEBUG=1",
					"$(inherited)",
				);
				GCC_SYMBOLS_PRIVATE_EXTERN = NO;
				GCC_WARN_64_TO_32_BIT_CONVERSION = YES;
				GCC_WARN_ABOUT_RETURN_TYPE = YES_ERROR;
				GCC_WARN_UNDECLARED_SELECTOR = YES;
				GCC_WARN_UNINITIALIZED_AUTOS = YES_AGGRESSIVE;
				GCC_WARN_UNUSED_FUNCTION = YES;
				GCC_WARN_UNUSED_VARIABLE = YES;
				IPHONEOS_DEPLOYMENT_TARGET = 8.3;
				MTL_ENABLE_DEBUG_INFO = YES;
				ONLY_ACTIVE_ARCH = YES;
				SDKROOT = iphoneos;
				SWIFT_OPTIMIZATION_LEVEL = "-Onone";
				TARGETED_DEVICE_FAMILY = "1,2";
			};
			name = Debug;
		};
		8428B0BB1B636EEF00B2D7BD /* Release */ = {
			isa = XCBuildConfiguration;
			buildSettings = {
				ALWAYS_SEARCH_USER_PATHS = NO;
				CLANG_CXX_LANGUAGE_STANDARD = "gnu++0x";
				CLANG_CXX_LIBRARY = "libc++";
				CLANG_ENABLE_MODULES = YES;
				CLANG_ENABLE_OBJC_ARC = YES;
				CLANG_WARN_BOOL_CONVERSION = YES;
				CLANG_WARN_CONSTANT_CONVERSION = YES;
				CLANG_WARN_DIRECT_OBJC_ISA_USAGE = YES_ERROR;
				CLANG_WARN_EMPTY_BODY = YES;
				CLANG_WARN_ENUM_CONVERSION = YES;
				CLANG_WARN_INT_CONVERSION = YES;
				CLANG_WARN_OBJC_ROOT_CLASS = YES_ERROR;
				CLANG_WARN_UNREACHABLE_CODE = YES;
				CLANG_WARN__DUPLICATE_METHOD_MATCH = YES;
				"CODE_SIGN_IDENTITY[sdk=iphoneos*]" = "iPhone Developer";
				COPY_PHASE_STRIP = NO;
				DEBUG_INFORMATION_FORMAT = "dwarf-with-dsym";
				ENABLE_NS_ASSERTIONS = NO;
				ENABLE_STRICT_OBJC_MSGSEND = YES;
				GCC_C_LANGUAGE_STANDARD = gnu99;
				GCC_NO_COMMON_BLOCKS = YES;
				GCC_WARN_64_TO_32_BIT_CONVERSION = YES;
				GCC_WARN_ABOUT_RETURN_TYPE = YES_ERROR;
				GCC_WARN_UNDECLARED_SELECTOR = YES;
				GCC_WARN_UNINITIALIZED_AUTOS = YES_AGGRESSIVE;
				GCC_WARN_UNUSED_FUNCTION = YES;
				GCC_WARN_UNUSED_VARIABLE = YES;
				IPHONEOS_DEPLOYMENT_TARGET = 8.3;
				MTL_ENABLE_DEBUG_INFO = NO;
				SDKROOT = iphoneos;
				TARGETED_DEVICE_FAMILY = "1,2";
				VALIDATE_PRODUCT = YES;
			};
			name = Release;
		};
		8428B0BD1B636EEF00B2D7BD /* Debug */ = {
			isa = XCBuildConfiguration;
			baseConfigurationReference = 418CF0BFD84D4CA0A06F72B0 /* Pods-Tau.debug.xcconfig */;
			buildSettings = {
				ASSETCATALOG_COMPILER_APPICON_NAME = AppIcon;
				INFOPLIST_FILE = Tau/Info.plist;
				LD_RUNPATH_SEARCH_PATHS = "$(inherited) @executable_path/Frameworks";
				PRODUCT_NAME = "$(TARGET_NAME)";
				SWIFT_OBJC_BRIDGING_HEADER = Tau/BridgingHeader.h;
			};
			name = Debug;
		};
		8428B0BE1B636EEF00B2D7BD /* Release */ = {
			isa = XCBuildConfiguration;
			baseConfigurationReference = 45CEAB700075B975D2E84C4E /* Pods-Tau.release.xcconfig */;
			buildSettings = {
				ASSETCATALOG_COMPILER_APPICON_NAME = AppIcon;
				INFOPLIST_FILE = Tau/Info.plist;
				LD_RUNPATH_SEARCH_PATHS = "$(inherited) @executable_path/Frameworks";
				PRODUCT_NAME = "$(TARGET_NAME)";
				SWIFT_OBJC_BRIDGING_HEADER = Tau/BridgingHeader.h;
			};
			name = Release;
		};
/* End XCBuildConfiguration section */

/* Begin XCConfigurationList section */
		8428B0981B636EEF00B2D7BD /* Build configuration list for PBXProject "Tau" */ = {
			isa = XCConfigurationList;
			buildConfigurations = (
				8428B0BA1B636EEF00B2D7BD /* Debug */,
				8428B0BB1B636EEF00B2D7BD /* Release */,
			);
			defaultConfigurationIsVisible = 0;
			defaultConfigurationName = Release;
		};
		8428B0BC1B636EEF00B2D7BD /* Build configuration list for PBXNativeTarget "Tau" */ = {
			isa = XCConfigurationList;
			buildConfigurations = (
				8428B0BD1B636EEF00B2D7BD /* Debug */,
				8428B0BE1B636EEF00B2D7BD /* Release */,
			);
			defaultConfigurationIsVisible = 0;
			defaultConfigurationName = Release;
		};
/* End XCConfigurationList section */
	};
	rootObject = 8428B0951B636EEF00B2D7BD /* Project object */;
}
